
Microsoft Visual Studio Solution File, Format Version 12.00
# Visual Studio Version 17
VisualStudioVersion = 17.14.36623.8
MinimumVisualStudioVersion = 10.0.40219.1
Project("{8BC9CEB8-8B4A-11D0-8D11-00A0C91BC942}") = "vector", "vector\vector.vcxproj", "{0A0606E2-717D-4075-88E0-28C3AF07A9EA}"
EndProject
Project("{8BC9CEB8-8B4A-11D0-8D11-00A0C91BC942}") = "vector2", "vector2\vector2.vcxproj", "{8BAE6EE4-420C-44C4-B3F2-B9645877DC82}"
EndProject
Project("{8BC9CEB8-8B4A-11D0-8D11-00A0C91BC942}") = "vector_iter", "vector_iter\vector_iter.vcxproj", "{05805831-84F0-4F32-819F-CE0596A3BBCD}"
EndProject
Project("{8BC9CEB8-8B4A-11D0-8D11-00A0C91BC942}") = "InsertAndErase", "InsertAndErase\InsertAndErase.vcxproj", "{D2F34D8C-E5CF-4768-AEDF-36F6D77168C5}"
EndProject
Project("{8BC9CEB8-8B4A-11D0-8D11-00A0C91BC942}") = "list", "list\list.vcxproj", "{06C3B6AB-B436-4A2C-A111-C973AFD96743}"
EndProject
Project("{8BC9CEB8-8B4A-11D0-8D11-00A0C91BC942}") = "array", "array\array.vcxproj", "{06794805-0554-4AE3-BA67-F54C382A039D}"
EndProject
Project("{8BC9CEB8-8B4A-11D0-8D11-00A0C91BC942}") = "Map", "Map\Map.vcxproj", "{A0EF7B57-F798-488F-9359-3B69986A5410}"
EndProject
Project("{8BC9CEB8-8B4A-11D0-8D11-00A0C91BC942}") = "Multimap", "Multimap\Multimap.vcxproj", "{36A28CFC-4463-42F3-A95D-609A1BFE6DD2}"
EndProject
Project("{8BC9CEB8-8B4A-11D0-8D11-00A0C91BC942}") = "PhoneBook", "PhoneBook\PhoneBook.vcxproj", "{02E261DC-F6BA-4D68-AD29-4D7B0A223716}"
EndProject
Global
	GlobalSection(SolutionConfigurationPlatforms) = preSolution
		Debug|x64 = Debug|x64
		Debug|x86 = Debug|x86
		Release|x64 = Release|x64
		Release|x86 = Release|x86
	EndGlobalSection
	GlobalSection(ProjectConfigurationPlatforms) = postSolution
		{0A0606E2-717D-4075-88E0-28C3AF07A9EA}.Debug|x64.ActiveCfg = Debug|x64
		{0A0606E2-717D-4075-88E0-28C3AF07A9EA}.Debug|x64.Build.0 = Debug|x64
		{0A0606E2-717D-4075-88E0-28C3AF07A9EA}.Debug|x86.ActiveCfg = Debug|Win32
		{0A0606E2-717D-4075-88E0-28C3AF07A9EA}.Debug|x86.Build.0 = Debug|Win32
		{0A0606E2-717D-4075-88E0-28C3AF07A9EA}.Release|x64.ActiveCfg = Release|x64
		{0A0606E2-717D-4075-88E0-28C3AF07A9EA}.Release|x64.Build.0 = Release|x64
		{0A0606E2-717D-4075-88E0-28C3AF07A9EA}.Release|x86.ActiveCfg = Release|Win32
		{0A0606E2-717D-4075-88E0-28C3AF07A9EA}.Release|x86.Build.0 = Release|Win32
		{8BAE6EE4-420C-44C4-B3F2-B9645877DC82}.Debug|x64.ActiveCfg = Debug|x64
		{8BAE6EE4-420C-44C4-B3F2-B9645877DC82}.Debug|x64.Build.0 = Debug|x64
		{8BAE6EE4-420C-44C4-B3F2-B9645877DC82}.Debug|x86.ActiveCfg = Debug|Win32
		{8BAE6EE4-420C-44C4-B3F2-B9645877DC82}.Debug|x86.Build.0 = Debug|Win32
		{8BAE6EE4-420C-44C4-B3F2-B9645877DC82}.Release|x64.ActiveCfg = Release|x64
		{8BAE6EE4-420C-44C4-B3F2-B9645877DC82}.Release|x64.Build.0 = Release|x64
		{8BAE6EE4-420C-44C4-B3F2-B9645877DC82}.Release|x86.ActiveCfg = Release|Win32
		{8BAE6EE4-420C-44C4-B3F2-B9645877DC82}.Release|x86.Build.0 = Release|Win32
		{05805831-84F0-4F32-819F-CE0596A3BBCD}.Debug|x64.ActiveCfg = Debug|x64
		{05805831-84F0-4F32-819F-CE0596A3BBCD}.Debug|x64.Build.0 = Debug|x64
		{05805831-84F0-4F32-819F-CE0596A3BBCD}.Debug|x86.ActiveCfg = Debug|Win32
		{05805831-84F0-4F32-819F-CE0596A3BBCD}.Debug|x86.Build.0 = Debug|Win32
		{05805831-84F0-4F32-819F-CE0596A3BBCD}.Release|x64.ActiveCfg = Release|x64
		{05805831-84F0-4F32-819F-CE0596A3BBCD}.Release|x64.Build.0 = Release|x64
		{05805831-84F0-4F32-819F-CE0596A3BBCD}.Release|x86.ActiveCfg = Release|Win32
		{05805831-84F0-4F32-819F-CE0596A3BBCD}.Release|x86.Build.0 = Release|Win32
		{D2F34D8C-E5CF-4768-AEDF-36F6D77168C5}.Debug|x64.ActiveCfg = Debug|x64
		{D2F34D8C-E5CF-4768-AEDF-36F6D77168C5}.Debug|x64.Build.0 = Debug|x64
		{D2F34D8C-E5CF-4768-AEDF-36F6D77168C5}.Debug|x86.ActiveCfg = Debug|Win32
		{D2F34D8C-E5CF-4768-AEDF-36F6D77168C5}.Debug|x86.Build.0 = Debug|Win32
		{D2F34D8C-E5CF-4768-AEDF-36F6D77168C5}.Release|x64.ActiveCfg = Release|x64
		{D2F34D8C-E5CF-4768-AEDF-36F6D77168C5}.Release|x64.Build.0 = Release|x64
		{D2F34D8C-E5CF-4768-AEDF-36F6D77168C5}.Release|x86.ActiveCfg = Release|Win32
		{D2F34D8C-E5CF-4768-AEDF-36F6D77168C5}.Release|x86.Build.0 = Release|Win32
		{06C3B6AB-B436-4A2C-A111-C973AFD96743}.Debug|x64.ActiveCfg = Debug|x64
		{06C3B6AB-B436-4A2C-A111-C973AFD96743}.Debug|x64.Build.0 = Debug|x64
		{06C3B6AB-B436-4A2C-A111-C973AFD96743}.Debug|x86.ActiveCfg = Debug|Win32
		{06C3B6AB-B436-4A2C-A111-C973AFD96743}.Debug|x86.Build.0 = Debug|Win32
		{06C3B6AB-B436-4A2C-A111-C973AFD96743}.Release|x64.ActiveCfg = Release|x64
		{06C3B6AB-B436-4A2C-A111-C973AFD96743}.Release|x64.Build.0 = Release|x64
		{06C3B6AB-B436-4A2C-A111-C973AFD96743}.Release|x86.ActiveCfg = Release|Win32
		{06C3B6AB-B436-4A2C-A111-C973AFD96743}.Release|x86.Build.0 = Release|Win32
		{06794805-0554-4AE3-BA67-F54C382A039D}.Debug|x64.ActiveCfg = Debug|x64
		{06794805-0554-4AE3-BA67-F54C382A039D}.Debug|x64.Build.0 = Debug|x64
		{06794805-0554-4AE3-BA67-F54C382A039D}.Debug|x86.ActiveCfg = Debug|Win32
		{06794805-0554-4AE3-BA67-F54C382A039D}.Debug|x86.Build.0 = Debug|Win32
		{06794805-0554-4AE3-BA67-F54C382A039D}.Release|x64.ActiveCfg = Release|x64
		{06794805-0554-4AE3-BA67-F54C382A039D}.Release|x64.Build.0 = Release|x64
		{06794805-0554-4AE3-BA67-F54C382A039D}.Release|x86.ActiveCfg = Release|Win32
		{06794805-0554-4AE3-BA67-F54C382A039D}.Release|x86.Build.0 = Release|Win32
		{A0EF7B57-F798-488F-9359-3B69986A5410}.Debug|x64.ActiveCfg = Debug|x64
		{A0EF7B57-F798-488F-9359-3B69986A5410}.Debug|x64.Build.0 = Debug|x64
		{A0EF7B57-F798-488F-9359-3B69986A5410}.Debug|x86.ActiveCfg = Debug|Win32
		{A0EF7B57-F798-488F-9359-3B69986A5410}.Debug|x86.Build.0 = Debug|Win32
		{A0EF7B57-F798-488F-9359-3B69986A5410}.Release|x64.ActiveCfg = Release|x64
		{A0EF7B57-F798-488F-9359-3B69986A5410}.Release|x64.Build.0 = Release|x64
		{A0EF7B57-F798-488F-9359-3B69986A5410}.Release|x86.ActiveCfg = Release|Win32
		{A0EF7B57-F798-488F-9359-3B69986A5410}.Release|x86.Build.0 = Release|Win32
		{36A28CFC-4463-42F3-A95D-609A1BFE6DD2}.Debug|x64.ActiveCfg = Debug|x64
		{36A28CFC-4463-42F3-A95D-609A1BFE6DD2}.Debug|x64.Build.0 = Debug|x64
		{36A28CFC-4463-42F3-A95D-609A1BFE6DD2}.Debug|x86.ActiveCfg = Debug|Win32
		{36A28CFC-4463-42F3-A95D-609A1BFE6DD2}.Debug|x86.Build.0 = Debug|Win32
		{36A28CFC-4463-42F3-A95D-609A1BFE6DD2}.Release|x64.ActiveCfg = Release|x64
		{36A28CFC-4463-42F3-A95D-609A1BFE6DD2}.Release|x64.Build.0 = Release|x64
		{36A28CFC-4463-42F3-A95D-609A1BFE6DD2}.Release|x86.ActiveCfg = Release|Win32
		{36A28CFC-4463-42F3-A95D-609A1BFE6DD2}.Release|x86.Build.0 = Release|Win32
		{02E261DC-F6BA-4D68-AD29-4D7B0A223716}.Debug|x64.ActiveCfg = Debug|x64
		{02E261DC-F6BA-4D68-AD29-4D7B0A223716}.Debug|x64.Build.0 = Debug|x64
		{02E261DC-F6BA-4D68-AD29-4D7B0A223716}.Debug|x86.ActiveCfg = Debug|Win32
		{02E261DC-F6BA-4D68-AD29-4D7B0A223716}.Debug|x86.Build.0 = Debug|Win32
		{02E261DC-F6BA-4D68-AD29-4D7B0A223716}.Release|x64.ActiveCfg = Release|x64
		{02E261DC-F6BA-4D68-AD29-4D7B0A223716}.Release|x64.Build.0 = Release|x64
		{02E261DC-F6BA-4D68-AD29-4D7B0A223716}.Release|x86.ActiveCfg = Release|Win32
		{02E261DC-F6BA-4D68-AD29-4D7B0A223716}.Release|x86.Build.0 = Release|Win32
	EndGlobalSection
	GlobalSection(SolutionProperties) = preSolution
		HideSolutionNode = FALSE
	EndGlobalSection
	GlobalSection(ExtensibilityGlobals) = postSolution
		SolutionGuid = {294CE706-7809-40A6-8459-873C16951290}
	EndGlobalSection
EndGlobal
