
Microsoft Visual Studio Solution File, Format Version 12.00
# Visual Studio Version 17
VisualStudioVersion = 17.14.36623.8
MinimumVisualStudioVersion = 10.0.40219.1
Project("{8BC9CEB8-8B4A-11D0-8D11-00A0C91BC942}") = "BubbleSort", "Sort\Sort.vcxproj", "{B62B8700-4A80-4676-AE00-F8847C67043D}"
EndProject
Project("{8BC9CEB8-8B4A-11D0-8D11-00A0C91BC942}") = "SelectionSort", "SelectionSort\SelectionSort.vcxproj", "{0D885FF4-A910-4CD2-B63C-E6EA785ECB01}"
EndProject
Project("{8BC9CEB8-8B4A-11D0-8D11-00A0C91BC942}") = "QuickSort", "QuickSort\QuickSort.vcxproj", "{548E394E-5A17-4201-9A8A-A5449C82672F}"
EndProject
Project("{8BC9CEB8-8B4A-11D0-8D11-00A0C91BC942}") = "StdSort", "StdSort\StdSort.vcxproj", "{648C5ADA-574C-48CE-8C1F-9E1E0E37F71D}"
EndProject
Global
	GlobalSection(SolutionConfigurationPlatforms) = preSolution
		Debug|x64 = Debug|x64
		Debug|x86 = Debug|x86
		Release|x64 = Release|x64
		Release|x86 = Release|x86
	EndGlobalSection
	GlobalSection(ProjectConfigurationPlatforms) = postSolution
		{B62B8700-4A80-4676-AE00-F8847C67043D}.Debug|x64.ActiveCfg = Debug|x64
		{B62B8700-4A80-4676-AE00-F8847C67043D}.Debug|x64.Build.0 = Debug|x64
		{B62B8700-4A80-4676-AE00-F8847C67043D}.Debug|x86.ActiveCfg = Debug|Win32
		{B62B8700-4A80-4676-AE00-F8847C67043D}.Debug|x86.Build.0 = Debug|Win32
		{B62B8700-4A80-4676-AE00-F8847C67043D}.Release|x64.ActiveCfg = Release|x64
		{B62B8700-4A80-4676-AE00-F8847C67043D}.Release|x64.Build.0 = Release|x64
		{B62B8700-4A80-4676-AE00-F8847C67043D}.Release|x86.ActiveCfg = Release|Win32
		{B62B8700-4A80-4676-AE00-F8847C67043D}.Release|x86.Build.0 = Release|Win32
		{0D885FF4-A910-4CD2-B63C-E6EA785ECB01}.Debug|x64.ActiveCfg = Debug|x64
		{0D885FF4-A910-4CD2-B63C-E6EA785ECB01}.Debug|x64.Build.0 = Debug|x64
		{0D885FF4-A910-4CD2-B63C-E6EA785ECB01}.Debug|x86.ActiveCfg = Debug|Win32
		{0D885FF4-A910-4CD2-B63C-E6EA785ECB01}.Debug|x86.Build.0 = Debug|Win32
		{0D885FF4-A910-4CD2-B63C-E6EA785ECB01}.Release|x64.ActiveCfg = Release|x64
		{0D885FF4-A910-4CD2-B63C-E6EA785ECB01}.Release|x64.Build.0 = Release|x64
		{0D885FF4-A910-4CD2-B63C-E6EA785ECB01}.Release|x86.ActiveCfg = Release|Win32
		{0D885FF4-A910-4CD2-B63C-E6EA785ECB01}.Release|x86.Build.0 = Release|Win32
		{548E394E-5A17-4201-9A8A-A5449C82672F}.Debug|x64.ActiveCfg = Debug|x64
		{548E394E-5A17-4201-9A8A-A5449C82672F}.Debug|x64.Build.0 = Debug|x64
		{548E394E-5A17-4201-9A8A-A5449C82672F}.Debug|x86.ActiveCfg = Debug|Win32
		{548E394E-5A17-4201-9A8A-A5449C82672F}.Debug|x86.Build.0 = Debug|Win32
		{548E394E-5A17-4201-9A8A-A5449C82672F}.Release|x64.ActiveCfg = Release|x64
		{548E394E-5A17-4201-9A8A-A5449C82672F}.Release|x64.Build.0 = Release|x64
		{548E394E-5A17-4201-9A8A-A5449C82672F}.Release|x86.ActiveCfg = Release|Win32
		{548E394E-5A17-4201-9A8A-A5449C82672F}.Release|x86.Build.0 = Release|Win32
		{648C5ADA-574C-48CE-8C1F-9E1E0E37F71D}.Debug|x64.ActiveCfg = Debug|x64
		{648C5ADA-574C-48CE-8C1F-9E1E0E37F71D}.Debug|x64.Build.0 = Debug|x64
		{648C5ADA-574C-48CE-8C1F-9E1E0E37F71D}.Debug|x86.ActiveCfg = Debug|Win32
		{648C5ADA-574C-48CE-8C1F-9E1E0E37F71D}.Debug|x86.Build.0 = Debug|Win32
		{648C5ADA-574C-48CE-8C1F-9E1E0E37F71D}.Release|x64.ActiveCfg = Release|x64
		{648C5ADA-574C-48CE-8C1F-9E1E0E37F71D}.Release|x64.Build.0 = Release|x64
		{648C5ADA-574C-48CE-8C1F-9E1E0E37F71D}.Release|x86.ActiveCfg = Release|Win32
		{648C5ADA-574C-48CE-8C1F-9E1E0E37F71D}.Release|x86.Build.0 = Release|Win32
	EndGlobalSection
	GlobalSection(SolutionProperties) = preSolution
		HideSolutionNode = FALSE
	EndGlobalSection
	GlobalSection(ExtensibilityGlobals) = postSolution
		SolutionGuid = {433F1A99-A6D0-49AF-9254-D5D674016937}
	EndGlobalSection
EndGlobal
