
Microsoft Visual Studio Solution File, Format Version 12.00
# Visual Studio Version 17
VisualStudioVersion = 17.14.36623.8 d17.14
MinimumVisualStudioVersion = 10.0.40219.1
Project("{8BC9CEB8-8B4A-11D0-8D11-00A0C91BC942}") = "Stack", "Stack\Stack.vcxproj", "{3034F295-6821-43EF-BDE7-B21DADB0FA78}"
EndProject
Project("{8BC9CEB8-8B4A-11D0-8D11-00A0C91BC942}") = "CrtLib", "CrtLib\CrtLib.vcxproj", "{F7756FCC-5731-4E12-AF09-D553F32967F5}"
EndProject
Project("{8BC9CEB8-8B4A-11D0-8D11-00A0C91BC942}") = "MyStack", "MyStack\MyStack.vcxproj", "{1DABFAF1-0C4D-4B88-84ED-DCF21B913ED4}"
EndProject
Project("{8BC9CEB8-8B4A-11D0-8D11-00A0C91BC942}") = "BracketParser", "BracketParser\BracketParser.vcxproj", "{5A54FF56-C91F-4CE8-ABA6-09306689F438}"
EndProject
Project("{8BC9CEB8-8B4A-11D0-8D11-00A0C91BC942}") = "ExpressionParser", "ExpressionParser\ExpressionParser.vcxproj", "{D8DCCDC8-82B6-4EDA-951C-C5E233C59708}"
EndProject
Global
	GlobalSection(SolutionConfigurationPlatforms) = preSolution
		Debug|x64 = Debug|x64
		Debug|x86 = Debug|x86
		Release|x64 = Release|x64
		Release|x86 = Release|x86
	EndGlobalSection
	GlobalSection(ProjectConfigurationPlatforms) = postSolution
		{3034F295-6821-43EF-BDE7-B21DADB0FA78}.Debug|x64.ActiveCfg = Debug|x64
		{3034F295-6821-43EF-BDE7-B21DADB0FA78}.Debug|x64.Build.0 = Debug|x64
		{3034F295-6821-43EF-BDE7-B21DADB0FA78}.Debug|x86.ActiveCfg = Debug|Win32
		{3034F295-6821-43EF-BDE7-B21DADB0FA78}.Debug|x86.Build.0 = Debug|Win32
		{3034F295-6821-43EF-BDE7-B21DADB0FA78}.Release|x64.ActiveCfg = Release|x64
		{3034F295-6821-43EF-BDE7-B21DADB0FA78}.Release|x64.Build.0 = Release|x64
		{3034F295-6821-43EF-BDE7-B21DADB0FA78}.Release|x86.ActiveCfg = Release|Win32
		{3034F295-6821-43EF-BDE7-B21DADB0FA78}.Release|x86.Build.0 = Release|Win32
		{F7756FCC-5731-4E12-AF09-D553F32967F5}.Debug|x64.ActiveCfg = Debug|x64
		{F7756FCC-5731-4E12-AF09-D553F32967F5}.Debug|x64.Build.0 = Debug|x64
		{F7756FCC-5731-4E12-AF09-D553F32967F5}.Debug|x86.ActiveCfg = Debug|Win32
		{F7756FCC-5731-4E12-AF09-D553F32967F5}.Debug|x86.Build.0 = Debug|Win32
		{F7756FCC-5731-4E12-AF09-D553F32967F5}.Release|x64.ActiveCfg = Release|x64
		{F7756FCC-5731-4E12-AF09-D553F32967F5}.Release|x64.Build.0 = Release|x64
		{F7756FCC-5731-4E12-AF09-D553F32967F5}.Release|x86.ActiveCfg = Release|Win32
		{F7756FCC-5731-4E12-AF09-D553F32967F5}.Release|x86.Build.0 = Release|Win32
		{1DABFAF1-0C4D-4B88-84ED-DCF21B913ED4}.Debug|x64.ActiveCfg = Debug|x64
		{1DABFAF1-0C4D-4B88-84ED-DCF21B913ED4}.Debug|x64.Build.0 = Debug|x64
		{1DABFAF1-0C4D-4B88-84ED-DCF21B913ED4}.Debug|x86.ActiveCfg = Debug|Win32
		{1DABFAF1-0C4D-4B88-84ED-DCF21B913ED4}.Debug|x86.Build.0 = Debug|Win32
		{1DABFAF1-0C4D-4B88-84ED-DCF21B913ED4}.Release|x64.ActiveCfg = Release|x64
		{1DABFAF1-0C4D-4B88-84ED-DCF21B913ED4}.Release|x64.Build.0 = Release|x64
		{1DABFAF1-0C4D-4B88-84ED-DCF21B913ED4}.Release|x86.ActiveCfg = Release|Win32
		{1DABFAF1-0C4D-4B88-84ED-DCF21B913ED4}.Release|x86.Build.0 = Release|Win32
		{5A54FF56-C91F-4CE8-ABA6-09306689F438}.Debug|x64.ActiveCfg = Debug|x64
		{5A54FF56-C91F-4CE8-ABA6-09306689F438}.Debug|x64.Build.0 = Debug|x64
		{5A54FF56-C91F-4CE8-ABA6-09306689F438}.Debug|x86.ActiveCfg = Debug|Win32
		{5A54FF56-C91F-4CE8-ABA6-09306689F438}.Debug|x86.Build.0 = Debug|Win32
		{5A54FF56-C91F-4CE8-ABA6-09306689F438}.Release|x64.ActiveCfg = Release|x64
		{5A54FF56-C91F-4CE8-ABA6-09306689F438}.Release|x64.Build.0 = Release|x64
		{5A54FF56-C91F-4CE8-ABA6-09306689F438}.Release|x86.ActiveCfg = Release|Win32
		{5A54FF56-C91F-4CE8-ABA6-09306689F438}.Release|x86.Build.0 = Release|Win32
		{D8DCCDC8-82B6-4EDA-951C-C5E233C59708}.Debug|x64.ActiveCfg = Debug|x64
		{D8DCCDC8-82B6-4EDA-951C-C5E233C59708}.Debug|x64.Build.0 = Debug|x64
		{D8DCCDC8-82B6-4EDA-951C-C5E233C59708}.Debug|x86.ActiveCfg = Debug|Win32
		{D8DCCDC8-82B6-4EDA-951C-C5E233C59708}.Debug|x86.Build.0 = Debug|Win32
		{D8DCCDC8-82B6-4EDA-951C-C5E233C59708}.Release|x64.ActiveCfg = Release|x64
		{D8DCCDC8-82B6-4EDA-951C-C5E233C59708}.Release|x64.Build.0 = Release|x64
		{D8DCCDC8-82B6-4EDA-951C-C5E233C59708}.Release|x86.ActiveCfg = Release|Win32
		{D8DCCDC8-82B6-4EDA-951C-C5E233C59708}.Release|x86.Build.0 = Release|Win32
	EndGlobalSection
	GlobalSection(SolutionProperties) = preSolution
		HideSolutionNode = FALSE
	EndGlobalSection
	GlobalSection(ExtensibilityGlobals) = postSolution
		SolutionGuid = {908F1CC8-7C66-4EDF-89FF-C5BC121A8D3E}
	EndGlobalSection
EndGlobal
