
Microsoft Visual Studio Solution File, Format Version 12.00
# Visual Studio Version 17
VisualStudioVersion = 17.14.36623.8
MinimumVisualStudioVersion = 10.0.40219.1
Project("{8BC9CEB8-8B4A-11D0-8D11-00A0C91BC942}") = "OpenCVBasic", "OpenCVBasic\OpenCVBasic.vcxproj", "{0D9BEBDA-4825-4D3F-84F3-6583B475A4CF}"
EndProject
Project("{8BC9CEB8-8B4A-11D0-8D11-00A0C91BC942}") = "Drawind", "Drawind\Drawind.vcxproj", "{576FC32B-4719-4244-9681-E2D1F745A6C1}"
EndProject
Project("{8BC9CEB8-8B4A-11D0-8D11-00A0C91BC942}") = "Crop", "Crop\Crop.vcxproj", "{95F05DDF-A0BE-45EC-B59C-D2E093AF622C}"
EndProject
Global
	GlobalSection(SolutionConfigurationPlatforms) = preSolution
		Debug|x64 = Debug|x64
		Debug|x86 = Debug|x86
		Release|x64 = Release|x64
		Release|x86 = Release|x86
	EndGlobalSection
	GlobalSection(ProjectConfigurationPlatforms) = postSolution
		{0D9BEBDA-4825-4D3F-84F3-6583B475A4CF}.Debug|x64.ActiveCfg = Debug|x64
		{0D9BEBDA-4825-4D3F-84F3-6583B475A4CF}.Debug|x64.Build.0 = Debug|x64
		{0D9BEBDA-4825-4D3F-84F3-6583B475A4CF}.Debug|x86.ActiveCfg = Debug|Win32
		{0D9BEBDA-4825-4D3F-84F3-6583B475A4CF}.Debug|x86.Build.0 = Debug|Win32
		{0D9BEBDA-4825-4D3F-84F3-6583B475A4CF}.Release|x64.ActiveCfg = Release|x64
		{0D9BEBDA-4825-4D3F-84F3-6583B475A4CF}.Release|x64.Build.0 = Release|x64
		{0D9BEBDA-4825-4D3F-84F3-6583B475A4CF}.Release|x86.ActiveCfg = Release|Win32
		{0D9BEBDA-4825-4D3F-84F3-6583B475A4CF}.Release|x86.Build.0 = Release|Win32
		{576FC32B-4719-4244-9681-E2D1F745A6C1}.Debug|x64.ActiveCfg = Debug|x64
		{576FC32B-4719-4244-9681-E2D1F745A6C1}.Debug|x64.Build.0 = Debug|x64
		{576FC32B-4719-4244-9681-E2D1F745A6C1}.Debug|x86.ActiveCfg = Debug|Win32
		{576FC32B-4719-4244-9681-E2D1F745A6C1}.Debug|x86.Build.0 = Debug|Win32
		{576FC32B-4719-4244-9681-E2D1F745A6C1}.Release|x64.ActiveCfg = Release|x64
		{576FC32B-4719-4244-9681-E2D1F745A6C1}.Release|x64.Build.0 = Release|x64
		{576FC32B-4719-4244-9681-E2D1F745A6C1}.Release|x86.ActiveCfg = Release|Win32
		{576FC32B-4719-4244-9681-E2D1F745A6C1}.Release|x86.Build.0 = Release|Win32
		{95F05DDF-A0BE-45EC-B59C-D2E093AF622C}.Debug|x64.ActiveCfg = Debug|x64
		{95F05DDF-A0BE-45EC-B59C-D2E093AF622C}.Debug|x64.Build.0 = Debug|x64
		{95F05DDF-A0BE-45EC-B59C-D2E093AF622C}.Debug|x86.ActiveCfg = Debug|Win32
		{95F05DDF-A0BE-45EC-B59C-D2E093AF622C}.Debug|x86.Build.0 = Debug|Win32
		{95F05DDF-A0BE-45EC-B59C-D2E093AF622C}.Release|x64.ActiveCfg = Release|x64
		{95F05DDF-A0BE-45EC-B59C-D2E093AF622C}.Release|x64.Build.0 = Release|x64
		{95F05DDF-A0BE-45EC-B59C-D2E093AF622C}.Release|x86.ActiveCfg = Release|Win32
		{95F05DDF-A0BE-45EC-B59C-D2E093AF622C}.Release|x86.Build.0 = Release|Win32
	EndGlobalSection
	GlobalSection(SolutionProperties) = preSolution
		HideSolutionNode = FALSE
	EndGlobalSection
	GlobalSection(ExtensibilityGlobals) = postSolution
		SolutionGuid = {0310C2E6-860C-4B0F-A122-07A5EB82C44F}
	EndGlobalSection
EndGlobal
